<?xml version="1.0" encoding="utf-8"?>
<Project ToolsVersion="4.0" xmlns="http://schemas.microsoft.com/developer/msbuild/2003">
  <ItemGroup>
    <Filter Include="源文件">
      <UniqueIdentifier>{4FC737F1-C7A5-4376-A066-2A32D752A2FF}</UniqueIdentifier>
      <Extensions>cpp;c;cc;cxx;def;odl;idl;hpj;bat;asm;asmx</Extensions>
    </Filter>
    <Filter Include="头文件">
      <UniqueIdentifier>{93995380-89BD-4b04-88EB-625FBE52EBFB}</UniqueIdentifier>
      <Extensions>h;hpp;hxx;hm;inl;inc;xsd</Extensions>
    </Filter>
    <Filter Include="资源文件">
      <UniqueIdentifier>{67DA6AB6-F800-4c08-8B7A-83BB121AAD01}</UniqueIdentifier>
      <Extensions>rc;ico;cur;bmp;dlg;rc2;rct;bin;rgs;gif;jpg;jpeg;jpe;resx;tiff;tif;png;wav;mfcribbon-ms</Extensions>
    </Filter>
    <Filter Include="源文件\Camera">
      <UniqueIdentifier>{7e58d4dd-6757-4f94-af48-cc1670d3f783}</UniqueIdentifier>
    </Filter>
    <Filter Include="源文件\Camera\DH">
      <UniqueIdentifier>{e7a40921-f288-42a5-91d8-7ec355c93228}</UniqueIdentifier>
    </Filter>
    <Filter Include="源文件\Camera\HK">
      <UniqueIdentifier>{d33ce548-91c8-4dbd-88a5-763fcc28a4fd}</UniqueIdentifier>
    </Filter>
  </ItemGroup>
  <ItemGroup>
    <None Include="ReadMe.txt" />
    <None Include="res\MECProcedure.rc2">
      <Filter>资源文件</Filter>
    </None>
    <None Include="res\MECProcedure.ico">
      <Filter>资源文件</Filter>
    </None>
  </ItemGroup>
  <ItemGroup>
    <ClInclude Include="MECProcedure.h">
      <Filter>头文件</Filter>
    </ClInclude>
    <ClInclude Include="MECProcedureDlg.h">
      <Filter>头文件</Filter>
    </ClInclude>
    <ClInclude Include="stdafx.h">
      <Filter>头文件</Filter>
    </ClInclude>
    <ClInclude Include="targetver.h">
      <Filter>头文件</Filter>
    </ClInclude>
    <ClInclude Include="Resource.h">
      <Filter>头文件</Filter>
    </ClInclude>
    <ClInclude Include="MECProcedureDef.h">
      <Filter>头文件</Filter>
    </ClInclude>
    <ClInclude Include="CameraSDK.h">
      <Filter>源文件\Camera</Filter>
    </ClInclude>
    <ClInclude Include="DHSdk.h">
      <Filter>源文件\Camera\DH</Filter>
    </ClInclude>
    <ClInclude Include="HKSdk.h">
      <Filter>源文件\Camera\HK</Filter>
    </ClInclude>
  </ItemGroup>
  <ItemGroup>
    <ClCompile Include="MECProcedure.cpp">
      <Filter>源文件</Filter>
    </ClCompile>
    <ClCompile Include="MECProcedureDlg.cpp">
      <Filter>源文件</Filter>
    </ClCompile>
    <ClCompile Include="stdafx.cpp">
      <Filter>源文件</Filter>
    </ClCompile>
    <ClCompile Include="CameraSDK.cpp">
      <Filter>源文件\Camera</Filter>
    </ClCompile>
    <ClCompile Include="DHSdk.cpp">
      <Filter>源文件\Camera\DH</Filter>
    </ClCompile>
    <ClCompile Include="HKSdk.cpp">
      <Filter>源文件\Camera\HK</Filter>
    </ClCompile>
  </ItemGroup>
  <ItemGroup>
    <ResourceCompile Include="MECProcedure.rc">
      <Filter>资源文件</Filter>
    </ResourceCompile>
  </ItemGroup>
</Project>